
Microsoft Visual Studio Solution File, Format Version 12.00
# Visual Studio Version 16
VisualStudioVersion = 16.0.29025.244
MinimumVisualStudioVersion = 10.0.40219.1
Project("{FAE04EC0-301F-11D3-BF4B-00C04F79EFBC}") = "Tic Tac Toe v21", "Tic Tac Toe v21\Tic Tac Toe v21.csproj", "{386389B5-4C6E-4EAB-A57E-2C24CF9C8BCD}"
EndProject
Global
	GlobalSection(SolutionConfigurationPlatforms) = preSolution
		Debug|Any CPU = Debug|Any CPU
		Release|Any CPU = Release|Any CPU
	EndGlobalSection
	GlobalSection(ProjectConfigurationPlatforms) = postSolution
		{386389B5-4C6E-4EAB-A57E-2C24CF9C8BCD}.Debug|Any CPU.ActiveCfg = Debug|Any CPU
		{386389B5-4C6E-4EAB-A57E-2C24CF9C8BCD}.Debug|Any CPU.Build.0 = Debug|Any CPU
		{386389B5-4C6E-4EAB-A57E-2C24CF9C8BCD}.Release|Any CPU.ActiveCfg = Release|Any CPU
		{386389B5-4C6E-4EAB-A57E-2C24CF9C8BCD}.Release|Any CPU.Build.0 = Release|Any CPU
	EndGlobalSection
	GlobalSection(SolutionProperties) = preSolution
		HideSolutionNode = FALSE
	EndGlobalSection
	GlobalSection(ExtensibilityGlobals) = postSolution
		SolutionGuid = {9092305E-DB4A-4F6D-AA2C-75A02E1573EA}
	EndGlobalSection
EndGlobal
